
Microsoft Visual Studio Solution File, Format Version 12.00
# Visual Studio Version 16
VisualStudioVersion = 16.0.30907.101
MinimumVisualStudioVersion = 10.0.40219.1
Project("{FAE04EC0-301F-11D3-BF4B-00C04F79EFBC}") = "A002_HelloWorld", "A002_HelloWorld.csproj", "{7FDA8458-E7B9-4ECC-A946-6A537E9C559C}"
EndProject
Project("{FAE04EC0-301F-11D3-BF4B-00C04F79EFBC}") = "A003_Console", "..\Console\A003_Console.csproj", "{A4036A61-4F8D-4440-B3C6-2DB8EDE5F160}"
EndProject
Project("{FAE04EC0-301F-11D3-BF4B-00C04F79EFBC}") = "A004_Variable", "..\A004_Variable\A004_Variable.csproj", "{8AA3243C-DB82-44F1-90E0-3C642D59C934}"
EndProject
Project("{FAE04EC0-301F-11D3-BF4B-00C04F79EFBC}") = "A005_string", "..\A005_string\A005_string.csproj", "{E43F1677-0642-4766-989C-2A7F90E10913}"
EndProject
Project("{FAE04EC0-301F-11D3-BF4B-00C04F79EFBC}") = "A006_Assignment", "..\A006_Assignment\A006_Assignment.csproj", "{5CB2A4B3-0D3E-43E5-90E9-94F687B883BC}"
EndProject
Project("{FAE04EC0-301F-11D3-BF4B-00C04F79EFBC}") = "A007_ConsoleWriteLine", "..\A007_ConsoleWriteLine\A007_ConsoleWriteLine.csproj", "{59EE4D0E-2E4A-4B30-815B-E8675F213DD3}"
EndProject
Project("{FAE04EC0-301F-11D3-BF4B-00C04F79EFBC}") = "A008_ConsoleWriteMulti", "..\A008_ConsoleWriteMulti\A008_ConsoleWriteMulti.csproj", "{060AAF03-3CFD-44CE-8CE2-C6DBD913C726}"
EndProject
Project("{FAE04EC0-301F-11D3-BF4B-00C04F79EFBC}") = "A009_VariablesAndWrite", "..\A009_VariablesAndWrite\A009_VariablesAndWrite.csproj", "{017528DF-4971-4512-BCB4-24E4388454B1}"
EndProject
Project("{FAE04EC0-301F-11D3-BF4B-00C04F79EFBC}") = "A010_ConsoleFormat", "..\A010_ConsoleFormat\A010_ConsoleFormat.csproj", "{7F65C889-40B5-4D55-9D2B-0A2427A61C19}"
EndProject
Project("{FAE04EC0-301F-11D3-BF4B-00C04F79EFBC}") = "A011_FormatSpecifier", "..\A011_FormatSpecifier\A011_FormatSpecifier.csproj", "{15B5786D-AFB3-44F2-A728-5CDF13CEA313}"
EndProject
Project("{FAE04EC0-301F-11D3-BF4B-00C04F79EFBC}") = "A012_FloatDoubleDecimal", "..\A012_FloatDoubleDecimal\A012_FloatDoubleDecimal.csproj", "{C2F39984-EE32-44A0-8DB2-00DCE15DAB36}"
EndProject
Project("{FAE04EC0-301F-11D3-BF4B-00C04F79EFBC}") = "A013_TypeConversion", "..\A013_TypeConversion\A013_TypeConversion.csproj", "{CD982D52-883D-46FB-B08C-FD06FCB940A7}"
EndProject
Project("{FAE04EC0-301F-11D3-BF4B-00C04F79EFBC}") = "A014_StringToNumber", "..\A014_StringToNumber\A014_StringToNumber.csproj", "{B33C39C6-609B-4B91-8083-49173C5A2E6B}"
EndProject
Project("{FAE04EC0-301F-11D3-BF4B-00C04F79EFBC}") = "A015_Convert", "..\A015_Conver\A015_Convert.csproj", "{732FFCC8-928F-4FF6-B8CD-C3AAE2E9A43E}"
EndProject
Project("{FAE04EC0-301F-11D3-BF4B-00C04F79EFBC}") = "A016_Operators", "..\A016_Operators\A016_Operators.csproj", "{7B60D9ED-3501-4DA0-BB7A-AC23DAC78257}"
EndProject
Project("{FAE04EC0-301F-11D3-BF4B-00C04F79EFBC}") = "A017_ArithmeticOperators", "..\A017_ArithmeticOperators\A017_ArithmeticOperators.csproj", "{47FD1107-513D-4359-9FAE-32E0B9D0055D}"
EndProject
Project("{FAE04EC0-301F-11D3-BF4B-00C04F79EFBC}") = "A018_DivideByZero", "..\A018_DivideByZero\A018_DivideByZero.csproj", "{23B28CFD-4EF1-4D02-B616-67559503A266}"
EndProject
Project("{FAE04EC0-301F-11D3-BF4B-00C04F79EFBC}") = "A019_Overflow", "..\A019_Overflow\A019_Overflow.csproj", "{EC7891F6-E6C2-4FCA-875D-D08025B26A67}"
EndProject
Project("{FAE04EC0-301F-11D3-BF4B-00C04F79EFBC}") = "A020_RelationalOperator", "..\A020_RelationalOperator\A020_RelationalOperator.csproj", "{9708BD2E-210B-4969-A7D8-B9884EE8F78B}"
EndProject
Project("{FAE04EC0-301F-11D3-BF4B-00C04F79EFBC}") = "A021_LogicalOperators", "..\A021_LogicalOperators\A021_LogicalOperators.csproj", "{AB28C948-9B69-49A1-8985-2F2A0065F5CF}"
EndProject
Project("{FAE04EC0-301F-11D3-BF4B-00C04F79EFBC}") = "A022_BitwiseOperators", "..\A022_BitwiseOpersators\A022_BitwiseOperators.csproj", "{EECF31B4-936D-4704-9D92-0405AEC30F57}"
EndProject
Project("{FAE04EC0-301F-11D3-BF4B-00C04F79EFBC}") = "A023_ConditionalOperator", "..\A023_ConditionalOperator\A023_ConditionalOperator.csproj", "{575D1188-163F-4BD4-B7DA-4362FFDB8BDE}"
EndProject
Project("{FAE04EC0-301F-11D3-BF4B-00C04F79EFBC}") = "A024-CompoundAssignment", "..\A024-CompoundAssignment\A024-CompoundAssignment.csproj", "{EE25CFC6-B6DA-427B-9D65-E580BBF1DDA8}"
EndProject
Project("{FAE04EC0-301F-11D3-BF4B-00C04F79EFBC}") = "A025_StringMethods", "..\A025_StringMethods\A025_StringMethods.csproj", "{CACE4C92-59C3-443B-9ABE-C36DE9D6542B}"
EndProject
Global
	GlobalSection(SolutionConfigurationPlatforms) = preSolution
		Debug|Any CPU = Debug|Any CPU
		Release|Any CPU = Release|Any CPU
	EndGlobalSection
	GlobalSection(ProjectConfigurationPlatforms) = postSolution
		{7FDA8458-E7B9-4ECC-A946-6A537E9C559C}.Debug|Any CPU.ActiveCfg = Debug|Any CPU
		{7FDA8458-E7B9-4ECC-A946-6A537E9C559C}.Debug|Any CPU.Build.0 = Debug|Any CPU
		{7FDA8458-E7B9-4ECC-A946-6A537E9C559C}.Release|Any CPU.ActiveCfg = Release|Any CPU
		{7FDA8458-E7B9-4ECC-A946-6A537E9C559C}.Release|Any CPU.Build.0 = Release|Any CPU
		{A4036A61-4F8D-4440-B3C6-2DB8EDE5F160}.Debug|Any CPU.ActiveCfg = Debug|Any CPU
		{A4036A61-4F8D-4440-B3C6-2DB8EDE5F160}.Debug|Any CPU.Build.0 = Debug|Any CPU
		{A4036A61-4F8D-4440-B3C6-2DB8EDE5F160}.Release|Any CPU.ActiveCfg = Release|Any CPU
		{A4036A61-4F8D-4440-B3C6-2DB8EDE5F160}.Release|Any CPU.Build.0 = Release|Any CPU
		{8AA3243C-DB82-44F1-90E0-3C642D59C934}.Debug|Any CPU.ActiveCfg = Debug|Any CPU
		{8AA3243C-DB82-44F1-90E0-3C642D59C934}.Debug|Any CPU.Build.0 = Debug|Any CPU
		{8AA3243C-DB82-44F1-90E0-3C642D59C934}.Release|Any CPU.ActiveCfg = Release|Any CPU
		{8AA3243C-DB82-44F1-90E0-3C642D59C934}.Release|Any CPU.Build.0 = Release|Any CPU
		{E43F1677-0642-4766-989C-2A7F90E10913}.Debug|Any CPU.ActiveCfg = Debug|Any CPU
		{E43F1677-0642-4766-989C-2A7F90E10913}.Debug|Any CPU.Build.0 = Debug|Any CPU
		{E43F1677-0642-4766-989C-2A7F90E10913}.Release|Any CPU.ActiveCfg = Release|Any CPU
		{E43F1677-0642-4766-989C-2A7F90E10913}.Release|Any CPU.Build.0 = Release|Any CPU
		{5CB2A4B3-0D3E-43E5-90E9-94F687B883BC}.Debug|Any CPU.ActiveCfg = Debug|Any CPU
		{5CB2A4B3-0D3E-43E5-90E9-94F687B883BC}.Debug|Any CPU.Build.0 = Debug|Any CPU
		{5CB2A4B3-0D3E-43E5-90E9-94F687B883BC}.Release|Any CPU.ActiveCfg = Release|Any CPU
		{5CB2A4B3-0D3E-43E5-90E9-94F687B883BC}.Release|Any CPU.Build.0 = Release|Any CPU
		{59EE4D0E-2E4A-4B30-815B-E8675F213DD3}.Debug|Any CPU.ActiveCfg = Debug|Any CPU
		{59EE4D0E-2E4A-4B30-815B-E8675F213DD3}.Debug|Any CPU.Build.0 = Debug|Any CPU
		{59EE4D0E-2E4A-4B30-815B-E8675F213DD3}.Release|Any CPU.ActiveCfg = Release|Any CPU
		{59EE4D0E-2E4A-4B30-815B-E8675F213DD3}.Release|Any CPU.Build.0 = Release|Any CPU
		{060AAF03-3CFD-44CE-8CE2-C6DBD913C726}.Debug|Any CPU.ActiveCfg = Debug|Any CPU
		{060AAF03-3CFD-44CE-8CE2-C6DBD913C726}.Debug|Any CPU.Build.0 = Debug|Any CPU
		{060AAF03-3CFD-44CE-8CE2-C6DBD913C726}.Release|Any CPU.ActiveCfg = Release|Any CPU
		{060AAF03-3CFD-44CE-8CE2-C6DBD913C726}.Release|Any CPU.Build.0 = Release|Any CPU
		{017528DF-4971-4512-BCB4-24E4388454B1}.Debug|Any CPU.ActiveCfg = Debug|Any CPU
		{017528DF-4971-4512-BCB4-24E4388454B1}.Debug|Any CPU.Build.0 = Debug|Any CPU
		{017528DF-4971-4512-BCB4-24E4388454B1}.Release|Any CPU.ActiveCfg = Release|Any CPU
		{017528DF-4971-4512-BCB4-24E4388454B1}.Release|Any CPU.Build.0 = Release|Any CPU
		{7F65C889-40B5-4D55-9D2B-0A2427A61C19}.Debug|Any CPU.ActiveCfg = Debug|Any CPU
		{7F65C889-40B5-4D55-9D2B-0A2427A61C19}.Debug|Any CPU.Build.0 = Debug|Any CPU
		{7F65C889-40B5-4D55-9D2B-0A2427A61C19}.Release|Any CPU.ActiveCfg = Release|Any CPU
		{7F65C889-40B5-4D55-9D2B-0A2427A61C19}.Release|Any CPU.Build.0 = Release|Any CPU
		{15B5786D-AFB3-44F2-A728-5CDF13CEA313}.Debug|Any CPU.ActiveCfg = Debug|Any CPU
		{15B5786D-AFB3-44F2-A728-5CDF13CEA313}.Debug|Any CPU.Build.0 = Debug|Any CPU
		{15B5786D-AFB3-44F2-A728-5CDF13CEA313}.Release|Any CPU.ActiveCfg = Release|Any CPU
		{15B5786D-AFB3-44F2-A728-5CDF13CEA313}.Release|Any CPU.Build.0 = Release|Any CPU
		{C2F39984-EE32-44A0-8DB2-00DCE15DAB36}.Debug|Any CPU.ActiveCfg = Debug|Any CPU
		{C2F39984-EE32-44A0-8DB2-00DCE15DAB36}.Debug|Any CPU.Build.0 = Debug|Any CPU
		{C2F39984-EE32-44A0-8DB2-00DCE15DAB36}.Release|Any CPU.ActiveCfg = Release|Any CPU
		{C2F39984-EE32-44A0-8DB2-00DCE15DAB36}.Release|Any CPU.Build.0 = Release|Any CPU
		{CD982D52-883D-46FB-B08C-FD06FCB940A7}.Debug|Any CPU.ActiveCfg = Debug|Any CPU
		{CD982D52-883D-46FB-B08C-FD06FCB940A7}.Debug|Any CPU.Build.0 = Debug|Any CPU
		{CD982D52-883D-46FB-B08C-FD06FCB940A7}.Release|Any CPU.ActiveCfg = Release|Any CPU
		{CD982D52-883D-46FB-B08C-FD06FCB940A7}.Release|Any CPU.Build.0 = Release|Any CPU
		{B33C39C6-609B-4B91-8083-49173C5A2E6B}.Debug|Any CPU.ActiveCfg = Debug|Any CPU
		{B33C39C6-609B-4B91-8083-49173C5A2E6B}.Debug|Any CPU.Build.0 = Debug|Any CPU
		{B33C39C6-609B-4B91-8083-49173C5A2E6B}.Release|Any CPU.ActiveCfg = Release|Any CPU
		{B33C39C6-609B-4B91-8083-49173C5A2E6B}.Release|Any CPU.Build.0 = Release|Any CPU
		{732FFCC8-928F-4FF6-B8CD-C3AAE2E9A43E}.Debug|Any CPU.ActiveCfg = Debug|Any CPU
		{732FFCC8-928F-4FF6-B8CD-C3AAE2E9A43E}.Debug|Any CPU.Build.0 = Debug|Any CPU
		{732FFCC8-928F-4FF6-B8CD-C3AAE2E9A43E}.Release|Any CPU.ActiveCfg = Release|Any CPU
		{732FFCC8-928F-4FF6-B8CD-C3AAE2E9A43E}.Release|Any CPU.Build.0 = Release|Any CPU
		{7B60D9ED-3501-4DA0-BB7A-AC23DAC78257}.Debug|Any CPU.ActiveCfg = Debug|Any CPU
		{7B60D9ED-3501-4DA0-BB7A-AC23DAC78257}.Debug|Any CPU.Build.0 = Debug|Any CPU
		{7B60D9ED-3501-4DA0-BB7A-AC23DAC78257}.Release|Any CPU.ActiveCfg = Release|Any CPU
		{7B60D9ED-3501-4DA0-BB7A-AC23DAC78257}.Release|Any CPU.Build.0 = Release|Any CPU
		{47FD1107-513D-4359-9FAE-32E0B9D0055D}.Debug|Any CPU.ActiveCfg = Debug|Any CPU
		{47FD1107-513D-4359-9FAE-32E0B9D0055D}.Debug|Any CPU.Build.0 = Debug|Any CPU
		{47FD1107-513D-4359-9FAE-32E0B9D0055D}.Release|Any CPU.ActiveCfg = Release|Any CPU
		{47FD1107-513D-4359-9FAE-32E0B9D0055D}.Release|Any CPU.Build.0 = Release|Any CPU
		{23B28CFD-4EF1-4D02-B616-67559503A266}.Debug|Any CPU.ActiveCfg = Debug|Any CPU
		{23B28CFD-4EF1-4D02-B616-67559503A266}.Debug|Any CPU.Build.0 = Debug|Any CPU
		{23B28CFD-4EF1-4D02-B616-67559503A266}.Release|Any CPU.ActiveCfg = Release|Any CPU
		{23B28CFD-4EF1-4D02-B616-67559503A266}.Release|Any CPU.Build.0 = Release|Any CPU
		{EC7891F6-E6C2-4FCA-875D-D08025B26A67}.Debug|Any CPU.ActiveCfg = Debug|Any CPU
		{EC7891F6-E6C2-4FCA-875D-D08025B26A67}.Debug|Any CPU.Build.0 = Debug|Any CPU
		{EC7891F6-E6C2-4FCA-875D-D08025B26A67}.Release|Any CPU.ActiveCfg = Release|Any CPU
		{EC7891F6-E6C2-4FCA-875D-D08025B26A67}.Release|Any CPU.Build.0 = Release|Any CPU
		{9708BD2E-210B-4969-A7D8-B9884EE8F78B}.Debug|Any CPU.ActiveCfg = Debug|Any CPU
		{9708BD2E-210B-4969-A7D8-B9884EE8F78B}.Debug|Any CPU.Build.0 = Debug|Any CPU
		{9708BD2E-210B-4969-A7D8-B9884EE8F78B}.Release|Any CPU.ActiveCfg = Release|Any CPU
		{9708BD2E-210B-4969-A7D8-B9884EE8F78B}.Release|Any CPU.Build.0 = Release|Any CPU
		{AB28C948-9B69-49A1-8985-2F2A0065F5CF}.Debug|Any CPU.ActiveCfg = Debug|Any CPU
		{AB28C948-9B69-49A1-8985-2F2A0065F5CF}.Debug|Any CPU.Build.0 = Debug|Any CPU
		{AB28C948-9B69-49A1-8985-2F2A0065F5CF}.Release|Any CPU.ActiveCfg = Release|Any CPU
		{AB28C948-9B69-49A1-8985-2F2A0065F5CF}.Release|Any CPU.Build.0 = Release|Any CPU
		{EECF31B4-936D-4704-9D92-0405AEC30F57}.Debug|Any CPU.ActiveCfg = Debug|Any CPU
		{EECF31B4-936D-4704-9D92-0405AEC30F57}.Debug|Any CPU.Build.0 = Debug|Any CPU
		{EECF31B4-936D-4704-9D92-0405AEC30F57}.Release|Any CPU.ActiveCfg = Release|Any CPU
		{EECF31B4-936D-4704-9D92-0405AEC30F57}.Release|Any CPU.Build.0 = Release|Any CPU
		{575D1188-163F-4BD4-B7DA-4362FFDB8BDE}.Debug|Any CPU.ActiveCfg = Debug|Any CPU
		{575D1188-163F-4BD4-B7DA-4362FFDB8BDE}.Debug|Any CPU.Build.0 = Debug|Any CPU
		{575D1188-163F-4BD4-B7DA-4362FFDB8BDE}.Release|Any CPU.ActiveCfg = Release|Any CPU
		{575D1188-163F-4BD4-B7DA-4362FFDB8BDE}.Release|Any CPU.Build.0 = Release|Any CPU
		{EE25CFC6-B6DA-427B-9D65-E580BBF1DDA8}.Debug|Any CPU.ActiveCfg = Debug|Any CPU
		{EE25CFC6-B6DA-427B-9D65-E580BBF1DDA8}.Debug|Any CPU.Build.0 = Debug|Any CPU
		{EE25CFC6-B6DA-427B-9D65-E580BBF1DDA8}.Release|Any CPU.ActiveCfg = Release|Any CPU
		{EE25CFC6-B6DA-427B-9D65-E580BBF1DDA8}.Release|Any CPU.Build.0 = Release|Any CPU
		{CACE4C92-59C3-443B-9ABE-C36DE9D6542B}.Debug|Any CPU.ActiveCfg = Debug|Any CPU
		{CACE4C92-59C3-443B-9ABE-C36DE9D6542B}.Debug|Any CPU.Build.0 = Debug|Any CPU
		{CACE4C92-59C3-443B-9ABE-C36DE9D6542B}.Release|Any CPU.ActiveCfg = Release|Any CPU
		{CACE4C92-59C3-443B-9ABE-C36DE9D6542B}.Release|Any CPU.Build.0 = Release|Any CPU
	EndGlobalSection
	GlobalSection(SolutionProperties) = preSolution
		HideSolutionNode = FALSE
	EndGlobalSection
	GlobalSection(ExtensibilityGlobals) = postSolution
		SolutionGuid = {F38A4E06-D528-41C1-8915-3E4A7A0E43F1}
	EndGlobalSection
EndGlobal
