
Microsoft Visual Studio Solution File, Format Version 12.00
# Visual Studio Version 16
VisualStudioVersion = 16.0.30907.101
MinimumVisualStudioVersion = 10.0.40219.1
Project("{FAE04EC0-301F-11D3-BF4B-00C04F79EFBC}") = "A002_HelloWorld", "..\HelloWorld\A002_HelloWorld.csproj", "{7FDA8458-E7B9-4ECC-A946-6A537E9C559C}"
EndProject
Project("{FAE04EC0-301F-11D3-BF4B-00C04F79EFBC}") = "A003_Console", "..\Console\A003_Console.csproj", "{A4036A61-4F8D-4440-B3C6-2DB8EDE5F160}"
EndProject
Project("{FAE04EC0-301F-11D3-BF4B-00C04F79EFBC}") = "A004_Variable", "..\A004_Variable\A004_Variable.csproj", "{8AA3243C-DB82-44F1-90E0-3C642D59C934}"
EndProject
Project("{FAE04EC0-301F-11D3-BF4B-00C04F79EFBC}") = "A005_string", "..\A005_string\A005_string.csproj", "{E43F1677-0642-4766-989C-2A7F90E10913}"
EndProject
Project("{FAE04EC0-301F-11D3-BF4B-00C04F79EFBC}") = "A006_Assignment", "..\A006_Assignment\A006_Assignment.csproj", "{5CB2A4B3-0D3E-43E5-90E9-94F687B883BC}"
EndProject
Project("{FAE04EC0-301F-11D3-BF4B-00C04F79EFBC}") = "A007_ConsoleWriteLine", "..\A007_ConsoleWriteLine\A007_ConsoleWriteLine.csproj", "{59EE4D0E-2E4A-4B30-815B-E8675F213DD3}"
EndProject
Project("{FAE04EC0-301F-11D3-BF4B-00C04F79EFBC}") = "A008_ConsoleWriteMulti", "..\A008_ConsoleWriteMulti\A008_ConsoleWriteMulti.csproj", "{060AAF03-3CFD-44CE-8CE2-C6DBD913C726}"
EndProject
Project("{FAE04EC0-301F-11D3-BF4B-00C04F79EFBC}") = "A009_VariablesAndWrite", "..\A009_VariablesAndWrite\A009_VariablesAndWrite.csproj", "{017528DF-4971-4512-BCB4-24E4388454B1}"
EndProject
Project("{FAE04EC0-301F-11D3-BF4B-00C04F79EFBC}") = "A010_ConsoleFormat", "..\A010_ConsoleFormat\A010_ConsoleFormat.csproj", "{7F65C889-40B5-4D55-9D2B-0A2427A61C19}"
EndProject
Project("{FAE04EC0-301F-11D3-BF4B-00C04F79EFBC}") = "A011_FormatSpecifier", "..\A011_FormatSpecifier\A011_FormatSpecifier.csproj", "{15B5786D-AFB3-44F2-A728-5CDF13CEA313}"
EndProject
Project("{FAE04EC0-301F-11D3-BF4B-00C04F79EFBC}") = "A012_FloatDoubleDecimal", "..\A012_FloatDoubleDecimal\A012_FloatDoubleDecimal.csproj", "{C2F39984-EE32-44A0-8DB2-00DCE15DAB36}"
EndProject
Project("{FAE04EC0-301F-11D3-BF4B-00C04F79EFBC}") = "A013_TypeConversion", "..\A013_TypeConversion\A013_TypeConversion.csproj", "{CD982D52-883D-46FB-B08C-FD06FCB940A7}"
EndProject
Project("{FAE04EC0-301F-11D3-BF4B-00C04F79EFBC}") = "A014_StringToNumber", "..\A014_StringToNumber\A014_StringToNumber.csproj", "{B33C39C6-609B-4B91-8083-49173C5A2E6B}"
EndProject
Project("{FAE04EC0-301F-11D3-BF4B-00C04F79EFBC}") = "A015_Convert", "..\A015_Conver\A015_Convert.csproj", "{732FFCC8-928F-4FF6-B8CD-C3AAE2E9A43E}"
EndProject
Project("{FAE04EC0-301F-11D3-BF4B-00C04F79EFBC}") = "A016_Operators", "..\A016_Operators\A016_Operators.csproj", "{7B60D9ED-3501-4DA0-BB7A-AC23DAC78257}"
EndProject
Project("{FAE04EC0-301F-11D3-BF4B-00C04F79EFBC}") = "A017_ArithmeticOperators", "..\A017_ArithmeticOperators\A017_ArithmeticOperators.csproj", "{47FD1107-513D-4359-9FAE-32E0B9D0055D}"
EndProject
Project("{FAE04EC0-301F-11D3-BF4B-00C04F79EFBC}") = "A018_DivideByZero", "..\A018_DivideByZero\A018_DivideByZero.csproj", "{23B28CFD-4EF1-4D02-B616-67559503A266}"
EndProject
Project("{FAE04EC0-301F-11D3-BF4B-00C04F79EFBC}") = "A019_Overflow", "..\A019_Overflow\A019_Overflow.csproj", "{EC7891F6-E6C2-4FCA-875D-D08025B26A67}"
EndProject
Project("{FAE04EC0-301F-11D3-BF4B-00C04F79EFBC}") = "A020_RelationalOperator", "..\A020_RelationalOperator\A020_RelationalOperator.csproj", "{9708BD2E-210B-4969-A7D8-B9884EE8F78B}"
EndProject
Project("{FAE04EC0-301F-11D3-BF4B-00C04F79EFBC}") = "A021_LogicalOperators", "..\A021_LogicalOperators\A021_LogicalOperators.csproj", "{AB28C948-9B69-49A1-8985-2F2A0065F5CF}"
EndProject
Project("{FAE04EC0-301F-11D3-BF4B-00C04F79EFBC}") = "A022_BitwiseOperators", "..\A022_BitwiseOpersators\A022_BitwiseOperators.csproj", "{EECF31B4-936D-4704-9D92-0405AEC30F57}"
EndProject
Project("{FAE04EC0-301F-11D3-BF4B-00C04F79EFBC}") = "A023_ConditionalOperator", "..\A023_ConditionalOperator\A023_ConditionalOperator.csproj", "{575D1188-163F-4BD4-B7DA-4362FFDB8BDE}"
EndProject
Project("{FAE04EC0-301F-11D3-BF4B-00C04F79EFBC}") = "A024-CompoundAssignment", "..\A024-CompoundAssignment\A024-CompoundAssignment.csproj", "{EE25CFC6-B6DA-427B-9D65-E580BBF1DDA8}"
EndProject
Project("{FAE04EC0-301F-11D3-BF4B-00C04F79EFBC}") = "A025_StringMethods", "..\A025_StringMethods\A025_StringMethods.csproj", "{CACE4C92-59C3-443B-9ABE-C36DE9D6542B}"
EndProject
Project("{FAE04EC0-301F-11D3-BF4B-00C04F79EFBC}") = "A026_SplitMethod", "..\A026_SplitMethod\A026_SplitMethod.csproj", "{3721FF47-A1A6-44CF-A9FF-FA05ED3338C9}"
EndProject
Project("{FAE04EC0-301F-11D3-BF4B-00C04F79EFBC}") = "A027_StringConcat", "..\A027_StringConcat\A027_StringConcat.csproj", "{8013474F-1FE9-4203-8244-BF3F291C92D0}"
EndProject
Project("{FAE04EC0-301F-11D3-BF4B-00C04F79EFBC}") = "A028_StringContains", "..\A028_StringContains\A028_StringContains.csproj", "{DDE6B927-8E92-43F8-A6AD-9EFF5ADD5577}"
EndProject
Project("{FAE04EC0-301F-11D3-BF4B-00C04F79EFBC}") = "A029_StringFormat", "..\A029_StringFormat\A029_StringFormat.csproj", "{A8190327-AA23-4F9B-A6DE-8CE53C11A39F}"
EndProject
Project("{FAE04EC0-301F-11D3-BF4B-00C04F79EFBC}") = "A030_GroupSeparator", "..\A030_GroupSeparator\A030_GroupSeparator.csproj", "{F7B8A038-9F9B-4DC7-B3F5-20FD4477DE0C}"
EndProject
Project("{FAE04EC0-301F-11D3-BF4B-00C04F79EFBC}") = "A031_StringBuilder", "..\A031_StringBuilder\A031_StringBuilder.csproj", "{BF24FE23-A984-42D9-B453-D66DCC79849F}"
EndProject
Project("{FAE04EC0-301F-11D3-BF4B-00C04F79EFBC}") = "A032_Enum", "..\A032_Enum\A032_Enum.csproj", "{9CEF9D50-375E-4FA5-9219-DE03F47827ED}"
EndProject
Project("{FAE04EC0-301F-11D3-BF4B-00C04F79EFBC}") = "A033_ConstAndReadonly", "..\A033_ConstAndReadonly\A033_ConstAndReadonly.csproj", "{74166885-A911-4CCE-9D0F-F41E883F849B}"
EndProject
Project("{FAE04EC0-301F-11D3-BF4B-00C04F79EFBC}") = "A034_ValueAndReference", "..\A034_ValueAndReference\A034_ValueAndReference.csproj", "{1CEAEC6C-6F1C-45A8-A10F-6D6A8CD2481C}"
EndProject
Project("{FAE04EC0-301F-11D3-BF4B-00C04F79EFBC}") = "A035_PassingArrayAndObject", "..\A035_PassingArrayAndObject\A035_PassingArrayAndObject.csproj", "{3CFDE5F1-727D-449F-B3F7-78C7E5A4783C}"
EndProject
Project("{FAE04EC0-301F-11D3-BF4B-00C04F79EFBC}") = "A036_NullConditionalOperator", "..\A036_NullConditionalOperator\A036_NullConditionalOperator.csproj", "{B7F0C9C2-A066-446B-83CF-30E19E09CD9A}"
EndProject
Project("{FAE04EC0-301F-11D3-BF4B-00C04F79EFBC}") = "A037_Default", "..\A037_Default\A037_Default.csproj", "{02C66072-13B9-4548-A807-8E6897E7E1F4}"
EndProject
Project("{FAE04EC0-301F-11D3-BF4B-00C04F79EFBC}") = "A038_Nullable", "..\A038_Nullable\A038_Nullable.csproj", "{8C9D9110-6A13-4405-94C1-8729A8D61E3A}"
EndProject
Project("{FAE04EC0-301F-11D3-BF4B-00C04F79EFBC}") = "A039_Object", "..\A039_Object\A039_Object.csproj", "{798901FB-DDE3-48E1-BCF2-5E0FCFB0AAE9}"
EndProject
Project("{FAE04EC0-301F-11D3-BF4B-00C04F79EFBC}") = "A040_LeapYear", "..\A040_LeapYear\A040_LeapYear.csproj", "{90D0F048-8C45-41A5-9BEA-3341496EC48E}"
EndProject
Project("{FAE04EC0-301F-11D3-BF4B-00C04F79EFBC}") = "A041_Grading", "..\A041_Grading\A041_Grading.csproj", "{0BD66524-A5AC-4002-9583-BFD92020FCBE}"
EndProject
Project("{FAE04EC0-301F-11D3-BF4B-00C04F79EFBC}") = "A042_BMI", "..\A042_BMI\A042_BMI.csproj", "{1E171AE1-66B3-49B1-B5C6-012F23D10F69}"
EndProject
Project("{FAE04EC0-301F-11D3-BF4B-00C04F79EFBC}") = "A043_Loop", "..\A043_Loop\A043_Loop.csproj", "{7759A956-EB13-4DB8-B83A-E16CEB6ADC61}"
EndProject
Project("{FAE04EC0-301F-11D3-BF4B-00C04F79EFBC}") = "A044_NumberSystem", "..\A044_NumberSystem\A044_NumberSystem.csproj", "{7ADA36AD-1446-46CA-99A2-53DD2CEA7A02}"
EndProject
Project("{FAE04EC0-301F-11D3-BF4B-00C04F79EFBC}") = "A045_MultiplicationTable", "..\A045_MultiplicationTable\A045_MultiplicationTable.csproj", "{18749EAD-8F13-44A3-83B6-5A457FF3F2F6}"
EndProject
Project("{FAE04EC0-301F-11D3-BF4B-00C04F79EFBC}") = "A046_MinMax", "..\A046_MinMax\A046_MinMax.csproj", "{E505C1C3-ED7C-4757-89DA-F67E5494FDDF}"
EndProject
Project("{FAE04EC0-301F-11D3-BF4B-00C04F79EFBC}") = "A047_Power", "..\A047_Power\A047_Power.csproj", "{90F8570E-61E1-425D-A285-40BD3BF457CA}"
EndProject
Project("{FAE04EC0-301F-11D3-BF4B-00C04F79EFBC}") = "A048_Factorial", "..\A048_Factorial\A048_Factorial.csproj", "{DE54DD9C-ACC8-4126-8603-061F37DB73D8}"
EndProject
Project("{FAE04EC0-301F-11D3-BF4B-00C04F79EFBC}") = "A049_PrimeNumber", "..\A049_PrimeNumber\A049_PrimeNumber.csproj", "{3AD06A01-1986-48AF-B6DD-F292FA5575E8}"
EndProject
Project("{FAE04EC0-301F-11D3-BF4B-00C04F79EFBC}") = "A050_FindingPI", "..\A050_FindingPI\A050_FindingPI.csproj", "{BE7F9004-C815-4442-8B0A-D8FCCCBAD801}"
EndProject
Project("{FAE04EC0-301F-11D3-BF4B-00C04F79EFBC}") = "A051_InfiniteLoop", "..\A051_InfiniteLoop\A051_InfiniteLoop.csproj", "{55DE5121-E35D-4F26-80D8-FFE755B1B493}"
EndProject
Project("{FAE04EC0-301F-11D3-BF4B-00C04F79EFBC}") = "A052_UsingBreak", "..\A052_UsingBreak\A052_UsingBreak.csproj", "{B7FBF8FA-61F9-46C6-9DEF-2294FBFE27F0}"
EndProject
Project("{FAE04EC0-301F-11D3-BF4B-00C04F79EFBC}") = "A053_SumOfFactorials", "..\A053_SumOfFactorials\A053_SumOfFactorials.csproj", "{49306081-F243-4F66-A7FC-C26343996796}"
EndProject
Project("{FAE04EC0-301F-11D3-BF4B-00C04F79EFBC}") = "A054_TimesTable", "..\A054_TimesTable\A054_TimesTable.csproj", "{A1D59256-02A8-4399-B13A-A3897930718F}"
EndProject
Project("{FAE04EC0-301F-11D3-BF4B-00C04F79EFBC}") = "A055_PrimeNumbers", "..\A055_PrimeNumbers\A055_PrimeNumbers.csproj", "{3C8B21A4-74F0-4450-838E-956BF2C46B27}"
EndProject
Project("{FAE04EC0-301F-11D3-BF4B-00C04F79EFBC}") = "A056_LoopPyramid", "..\A056_LoopPyramid\A056_LoopPyramid.csproj", "{EF899EF8-B0B2-44FC-AE4F-A5A1D765E471}"
EndProject
Global
	GlobalSection(SolutionConfigurationPlatforms) = preSolution
		Debug|Any CPU = Debug|Any CPU
		Release|Any CPU = Release|Any CPU
	EndGlobalSection
	GlobalSection(ProjectConfigurationPlatforms) = postSolution
		{7FDA8458-E7B9-4ECC-A946-6A537E9C559C}.Debug|Any CPU.ActiveCfg = Debug|Any CPU
		{7FDA8458-E7B9-4ECC-A946-6A537E9C559C}.Debug|Any CPU.Build.0 = Debug|Any CPU
		{7FDA8458-E7B9-4ECC-A946-6A537E9C559C}.Release|Any CPU.ActiveCfg = Release|Any CPU
		{7FDA8458-E7B9-4ECC-A946-6A537E9C559C}.Release|Any CPU.Build.0 = Release|Any CPU
		{A4036A61-4F8D-4440-B3C6-2DB8EDE5F160}.Debug|Any CPU.ActiveCfg = Debug|Any CPU
		{A4036A61-4F8D-4440-B3C6-2DB8EDE5F160}.Debug|Any CPU.Build.0 = Debug|Any CPU
		{A4036A61-4F8D-4440-B3C6-2DB8EDE5F160}.Release|Any CPU.ActiveCfg = Release|Any CPU
		{A4036A61-4F8D-4440-B3C6-2DB8EDE5F160}.Release|Any CPU.Build.0 = Release|Any CPU
		{8AA3243C-DB82-44F1-90E0-3C642D59C934}.Debug|Any CPU.ActiveCfg = Debug|Any CPU
		{8AA3243C-DB82-44F1-90E0-3C642D59C934}.Debug|Any CPU.Build.0 = Debug|Any CPU
		{8AA3243C-DB82-44F1-90E0-3C642D59C934}.Release|Any CPU.ActiveCfg = Release|Any CPU
		{8AA3243C-DB82-44F1-90E0-3C642D59C934}.Release|Any CPU.Build.0 = Release|Any CPU
		{E43F1677-0642-4766-989C-2A7F90E10913}.Debug|Any CPU.ActiveCfg = Debug|Any CPU
		{E43F1677-0642-4766-989C-2A7F90E10913}.Debug|Any CPU.Build.0 = Debug|Any CPU
		{E43F1677-0642-4766-989C-2A7F90E10913}.Release|Any CPU.ActiveCfg = Release|Any CPU
		{E43F1677-0642-4766-989C-2A7F90E10913}.Release|Any CPU.Build.0 = Release|Any CPU
		{5CB2A4B3-0D3E-43E5-90E9-94F687B883BC}.Debug|Any CPU.ActiveCfg = Debug|Any CPU
		{5CB2A4B3-0D3E-43E5-90E9-94F687B883BC}.Debug|Any CPU.Build.0 = Debug|Any CPU
		{5CB2A4B3-0D3E-43E5-90E9-94F687B883BC}.Release|Any CPU.ActiveCfg = Release|Any CPU
		{5CB2A4B3-0D3E-43E5-90E9-94F687B883BC}.Release|Any CPU.Build.0 = Release|Any CPU
		{59EE4D0E-2E4A-4B30-815B-E8675F213DD3}.Debug|Any CPU.ActiveCfg = Debug|Any CPU
		{59EE4D0E-2E4A-4B30-815B-E8675F213DD3}.Debug|Any CPU.Build.0 = Debug|Any CPU
		{59EE4D0E-2E4A-4B30-815B-E8675F213DD3}.Release|Any CPU.ActiveCfg = Release|Any CPU
		{59EE4D0E-2E4A-4B30-815B-E8675F213DD3}.Release|Any CPU.Build.0 = Release|Any CPU
		{060AAF03-3CFD-44CE-8CE2-C6DBD913C726}.Debug|Any CPU.ActiveCfg = Debug|Any CPU
		{060AAF03-3CFD-44CE-8CE2-C6DBD913C726}.Debug|Any CPU.Build.0 = Debug|Any CPU
		{060AAF03-3CFD-44CE-8CE2-C6DBD913C726}.Release|Any CPU.ActiveCfg = Release|Any CPU
		{060AAF03-3CFD-44CE-8CE2-C6DBD913C726}.Release|Any CPU.Build.0 = Release|Any CPU
		{017528DF-4971-4512-BCB4-24E4388454B1}.Debug|Any CPU.ActiveCfg = Debug|Any CPU
		{017528DF-4971-4512-BCB4-24E4388454B1}.Debug|Any CPU.Build.0 = Debug|Any CPU
		{017528DF-4971-4512-BCB4-24E4388454B1}.Release|Any CPU.ActiveCfg = Release|Any CPU
		{017528DF-4971-4512-BCB4-24E4388454B1}.Release|Any CPU.Build.0 = Release|Any CPU
		{7F65C889-40B5-4D55-9D2B-0A2427A61C19}.Debug|Any CPU.ActiveCfg = Debug|Any CPU
		{7F65C889-40B5-4D55-9D2B-0A2427A61C19}.Debug|Any CPU.Build.0 = Debug|Any CPU
		{7F65C889-40B5-4D55-9D2B-0A2427A61C19}.Release|Any CPU.ActiveCfg = Release|Any CPU
		{7F65C889-40B5-4D55-9D2B-0A2427A61C19}.Release|Any CPU.Build.0 = Release|Any CPU
		{15B5786D-AFB3-44F2-A728-5CDF13CEA313}.Debug|Any CPU.ActiveCfg = Debug|Any CPU
		{15B5786D-AFB3-44F2-A728-5CDF13CEA313}.Debug|Any CPU.Build.0 = Debug|Any CPU
		{15B5786D-AFB3-44F2-A728-5CDF13CEA313}.Release|Any CPU.ActiveCfg = Release|Any CPU
		{15B5786D-AFB3-44F2-A728-5CDF13CEA313}.Release|Any CPU.Build.0 = Release|Any CPU
		{C2F39984-EE32-44A0-8DB2-00DCE15DAB36}.Debug|Any CPU.ActiveCfg = Debug|Any CPU
		{C2F39984-EE32-44A0-8DB2-00DCE15DAB36}.Debug|Any CPU.Build.0 = Debug|Any CPU
		{C2F39984-EE32-44A0-8DB2-00DCE15DAB36}.Release|Any CPU.ActiveCfg = Release|Any CPU
		{C2F39984-EE32-44A0-8DB2-00DCE15DAB36}.Release|Any CPU.Build.0 = Release|Any CPU
		{CD982D52-883D-46FB-B08C-FD06FCB940A7}.Debug|Any CPU.ActiveCfg = Debug|Any CPU
		{CD982D52-883D-46FB-B08C-FD06FCB940A7}.Debug|Any CPU.Build.0 = Debug|Any CPU
		{CD982D52-883D-46FB-B08C-FD06FCB940A7}.Release|Any CPU.ActiveCfg = Release|Any CPU
		{CD982D52-883D-46FB-B08C-FD06FCB940A7}.Release|Any CPU.Build.0 = Release|Any CPU
		{B33C39C6-609B-4B91-8083-49173C5A2E6B}.Debug|Any CPU.ActiveCfg = Debug|Any CPU
		{B33C39C6-609B-4B91-8083-49173C5A2E6B}.Debug|Any CPU.Build.0 = Debug|Any CPU
		{B33C39C6-609B-4B91-8083-49173C5A2E6B}.Release|Any CPU.ActiveCfg = Release|Any CPU
		{B33C39C6-609B-4B91-8083-49173C5A2E6B}.Release|Any CPU.Build.0 = Release|Any CPU
		{732FFCC8-928F-4FF6-B8CD-C3AAE2E9A43E}.Debug|Any CPU.ActiveCfg = Debug|Any CPU
		{732FFCC8-928F-4FF6-B8CD-C3AAE2E9A43E}.Debug|Any CPU.Build.0 = Debug|Any CPU
		{732FFCC8-928F-4FF6-B8CD-C3AAE2E9A43E}.Release|Any CPU.ActiveCfg = Release|Any CPU
		{732FFCC8-928F-4FF6-B8CD-C3AAE2E9A43E}.Release|Any CPU.Build.0 = Release|Any CPU
		{7B60D9ED-3501-4DA0-BB7A-AC23DAC78257}.Debug|Any CPU.ActiveCfg = Debug|Any CPU
		{7B60D9ED-3501-4DA0-BB7A-AC23DAC78257}.Debug|Any CPU.Build.0 = Debug|Any CPU
		{7B60D9ED-3501-4DA0-BB7A-AC23DAC78257}.Release|Any CPU.ActiveCfg = Release|Any CPU
		{7B60D9ED-3501-4DA0-BB7A-AC23DAC78257}.Release|Any CPU.Build.0 = Release|Any CPU
		{47FD1107-513D-4359-9FAE-32E0B9D0055D}.Debug|Any CPU.ActiveCfg = Debug|Any CPU
		{47FD1107-513D-4359-9FAE-32E0B9D0055D}.Debug|Any CPU.Build.0 = Debug|Any CPU
		{47FD1107-513D-4359-9FAE-32E0B9D0055D}.Release|Any CPU.ActiveCfg = Release|Any CPU
		{47FD1107-513D-4359-9FAE-32E0B9D0055D}.Release|Any CPU.Build.0 = Release|Any CPU
		{23B28CFD-4EF1-4D02-B616-67559503A266}.Debug|Any CPU.ActiveCfg = Debug|Any CPU
		{23B28CFD-4EF1-4D02-B616-67559503A266}.Debug|Any CPU.Build.0 = Debug|Any CPU
		{23B28CFD-4EF1-4D02-B616-67559503A266}.Release|Any CPU.ActiveCfg = Release|Any CPU
		{23B28CFD-4EF1-4D02-B616-67559503A266}.Release|Any CPU.Build.0 = Release|Any CPU
		{EC7891F6-E6C2-4FCA-875D-D08025B26A67}.Debug|Any CPU.ActiveCfg = Debug|Any CPU
		{EC7891F6-E6C2-4FCA-875D-D08025B26A67}.Debug|Any CPU.Build.0 = Debug|Any CPU
		{EC7891F6-E6C2-4FCA-875D-D08025B26A67}.Release|Any CPU.ActiveCfg = Release|Any CPU
		{EC7891F6-E6C2-4FCA-875D-D08025B26A67}.Release|Any CPU.Build.0 = Release|Any CPU
		{9708BD2E-210B-4969-A7D8-B9884EE8F78B}.Debug|Any CPU.ActiveCfg = Debug|Any CPU
		{9708BD2E-210B-4969-A7D8-B9884EE8F78B}.Debug|Any CPU.Build.0 = Debug|Any CPU
		{9708BD2E-210B-4969-A7D8-B9884EE8F78B}.Release|Any CPU.ActiveCfg = Release|Any CPU
		{9708BD2E-210B-4969-A7D8-B9884EE8F78B}.Release|Any CPU.Build.0 = Release|Any CPU
		{AB28C948-9B69-49A1-8985-2F2A0065F5CF}.Debug|Any CPU.ActiveCfg = Debug|Any CPU
		{AB28C948-9B69-49A1-8985-2F2A0065F5CF}.Debug|Any CPU.Build.0 = Debug|Any CPU
		{AB28C948-9B69-49A1-8985-2F2A0065F5CF}.Release|Any CPU.ActiveCfg = Release|Any CPU
		{AB28C948-9B69-49A1-8985-2F2A0065F5CF}.Release|Any CPU.Build.0 = Release|Any CPU
		{EECF31B4-936D-4704-9D92-0405AEC30F57}.Debug|Any CPU.ActiveCfg = Debug|Any CPU
		{EECF31B4-936D-4704-9D92-0405AEC30F57}.Debug|Any CPU.Build.0 = Debug|Any CPU
		{EECF31B4-936D-4704-9D92-0405AEC30F57}.Release|Any CPU.ActiveCfg = Release|Any CPU
		{EECF31B4-936D-4704-9D92-0405AEC30F57}.Release|Any CPU.Build.0 = Release|Any CPU
		{575D1188-163F-4BD4-B7DA-4362FFDB8BDE}.Debug|Any CPU.ActiveCfg = Debug|Any CPU
		{575D1188-163F-4BD4-B7DA-4362FFDB8BDE}.Debug|Any CPU.Build.0 = Debug|Any CPU
		{575D1188-163F-4BD4-B7DA-4362FFDB8BDE}.Release|Any CPU.ActiveCfg = Release|Any CPU
		{575D1188-163F-4BD4-B7DA-4362FFDB8BDE}.Release|Any CPU.Build.0 = Release|Any CPU
		{EE25CFC6-B6DA-427B-9D65-E580BBF1DDA8}.Debug|Any CPU.ActiveCfg = Debug|Any CPU
		{EE25CFC6-B6DA-427B-9D65-E580BBF1DDA8}.Debug|Any CPU.Build.0 = Debug|Any CPU
		{EE25CFC6-B6DA-427B-9D65-E580BBF1DDA8}.Release|Any CPU.ActiveCfg = Release|Any CPU
		{EE25CFC6-B6DA-427B-9D65-E580BBF1DDA8}.Release|Any CPU.Build.0 = Release|Any CPU
		{CACE4C92-59C3-443B-9ABE-C36DE9D6542B}.Debug|Any CPU.ActiveCfg = Debug|Any CPU
		{CACE4C92-59C3-443B-9ABE-C36DE9D6542B}.Debug|Any CPU.Build.0 = Debug|Any CPU
		{CACE4C92-59C3-443B-9ABE-C36DE9D6542B}.Release|Any CPU.ActiveCfg = Release|Any CPU
		{CACE4C92-59C3-443B-9ABE-C36DE9D6542B}.Release|Any CPU.Build.0 = Release|Any CPU
		{3721FF47-A1A6-44CF-A9FF-FA05ED3338C9}.Debug|Any CPU.ActiveCfg = Debug|Any CPU
		{3721FF47-A1A6-44CF-A9FF-FA05ED3338C9}.Debug|Any CPU.Build.0 = Debug|Any CPU
		{3721FF47-A1A6-44CF-A9FF-FA05ED3338C9}.Release|Any CPU.ActiveCfg = Release|Any CPU
		{3721FF47-A1A6-44CF-A9FF-FA05ED3338C9}.Release|Any CPU.Build.0 = Release|Any CPU
		{8013474F-1FE9-4203-8244-BF3F291C92D0}.Debug|Any CPU.ActiveCfg = Debug|Any CPU
		{8013474F-1FE9-4203-8244-BF3F291C92D0}.Debug|Any CPU.Build.0 = Debug|Any CPU
		{8013474F-1FE9-4203-8244-BF3F291C92D0}.Release|Any CPU.ActiveCfg = Release|Any CPU
		{8013474F-1FE9-4203-8244-BF3F291C92D0}.Release|Any CPU.Build.0 = Release|Any CPU
		{DDE6B927-8E92-43F8-A6AD-9EFF5ADD5577}.Debug|Any CPU.ActiveCfg = Debug|Any CPU
		{DDE6B927-8E92-43F8-A6AD-9EFF5ADD5577}.Debug|Any CPU.Build.0 = Debug|Any CPU
		{DDE6B927-8E92-43F8-A6AD-9EFF5ADD5577}.Release|Any CPU.ActiveCfg = Release|Any CPU
		{DDE6B927-8E92-43F8-A6AD-9EFF5ADD5577}.Release|Any CPU.Build.0 = Release|Any CPU
		{A8190327-AA23-4F9B-A6DE-8CE53C11A39F}.Debug|Any CPU.ActiveCfg = Debug|Any CPU
		{A8190327-AA23-4F9B-A6DE-8CE53C11A39F}.Debug|Any CPU.Build.0 = Debug|Any CPU
		{A8190327-AA23-4F9B-A6DE-8CE53C11A39F}.Release|Any CPU.ActiveCfg = Release|Any CPU
		{A8190327-AA23-4F9B-A6DE-8CE53C11A39F}.Release|Any CPU.Build.0 = Release|Any CPU
		{F7B8A038-9F9B-4DC7-B3F5-20FD4477DE0C}.Debug|Any CPU.ActiveCfg = Debug|Any CPU
		{F7B8A038-9F9B-4DC7-B3F5-20FD4477DE0C}.Debug|Any CPU.Build.0 = Debug|Any CPU
		{F7B8A038-9F9B-4DC7-B3F5-20FD4477DE0C}.Release|Any CPU.ActiveCfg = Release|Any CPU
		{F7B8A038-9F9B-4DC7-B3F5-20FD4477DE0C}.Release|Any CPU.Build.0 = Release|Any CPU
		{BF24FE23-A984-42D9-B453-D66DCC79849F}.Debug|Any CPU.ActiveCfg = Debug|Any CPU
		{BF24FE23-A984-42D9-B453-D66DCC79849F}.Debug|Any CPU.Build.0 = Debug|Any CPU
		{BF24FE23-A984-42D9-B453-D66DCC79849F}.Release|Any CPU.ActiveCfg = Release|Any CPU
		{BF24FE23-A984-42D9-B453-D66DCC79849F}.Release|Any CPU.Build.0 = Release|Any CPU
		{9CEF9D50-375E-4FA5-9219-DE03F47827ED}.Debug|Any CPU.ActiveCfg = Debug|Any CPU
		{9CEF9D50-375E-4FA5-9219-DE03F47827ED}.Debug|Any CPU.Build.0 = Debug|Any CPU
		{9CEF9D50-375E-4FA5-9219-DE03F47827ED}.Release|Any CPU.ActiveCfg = Release|Any CPU
		{9CEF9D50-375E-4FA5-9219-DE03F47827ED}.Release|Any CPU.Build.0 = Release|Any CPU
		{74166885-A911-4CCE-9D0F-F41E883F849B}.Debug|Any CPU.ActiveCfg = Debug|Any CPU
		{74166885-A911-4CCE-9D0F-F41E883F849B}.Debug|Any CPU.Build.0 = Debug|Any CPU
		{74166885-A911-4CCE-9D0F-F41E883F849B}.Release|Any CPU.ActiveCfg = Release|Any CPU
		{74166885-A911-4CCE-9D0F-F41E883F849B}.Release|Any CPU.Build.0 = Release|Any CPU
		{1CEAEC6C-6F1C-45A8-A10F-6D6A8CD2481C}.Debug|Any CPU.ActiveCfg = Debug|Any CPU
		{1CEAEC6C-6F1C-45A8-A10F-6D6A8CD2481C}.Debug|Any CPU.Build.0 = Debug|Any CPU
		{1CEAEC6C-6F1C-45A8-A10F-6D6A8CD2481C}.Release|Any CPU.ActiveCfg = Release|Any CPU
		{1CEAEC6C-6F1C-45A8-A10F-6D6A8CD2481C}.Release|Any CPU.Build.0 = Release|Any CPU
		{3CFDE5F1-727D-449F-B3F7-78C7E5A4783C}.Debug|Any CPU.ActiveCfg = Debug|Any CPU
		{3CFDE5F1-727D-449F-B3F7-78C7E5A4783C}.Debug|Any CPU.Build.0 = Debug|Any CPU
		{3CFDE5F1-727D-449F-B3F7-78C7E5A4783C}.Release|Any CPU.ActiveCfg = Release|Any CPU
		{3CFDE5F1-727D-449F-B3F7-78C7E5A4783C}.Release|Any CPU.Build.0 = Release|Any CPU
		{B7F0C9C2-A066-446B-83CF-30E19E09CD9A}.Debug|Any CPU.ActiveCfg = Debug|Any CPU
		{B7F0C9C2-A066-446B-83CF-30E19E09CD9A}.Debug|Any CPU.Build.0 = Debug|Any CPU
		{B7F0C9C2-A066-446B-83CF-30E19E09CD9A}.Release|Any CPU.ActiveCfg = Release|Any CPU
		{B7F0C9C2-A066-446B-83CF-30E19E09CD9A}.Release|Any CPU.Build.0 = Release|Any CPU
		{02C66072-13B9-4548-A807-8E6897E7E1F4}.Debug|Any CPU.ActiveCfg = Debug|Any CPU
		{02C66072-13B9-4548-A807-8E6897E7E1F4}.Debug|Any CPU.Build.0 = Debug|Any CPU
		{02C66072-13B9-4548-A807-8E6897E7E1F4}.Release|Any CPU.ActiveCfg = Release|Any CPU
		{02C66072-13B9-4548-A807-8E6897E7E1F4}.Release|Any CPU.Build.0 = Release|Any CPU
		{8C9D9110-6A13-4405-94C1-8729A8D61E3A}.Debug|Any CPU.ActiveCfg = Debug|Any CPU
		{8C9D9110-6A13-4405-94C1-8729A8D61E3A}.Debug|Any CPU.Build.0 = Debug|Any CPU
		{8C9D9110-6A13-4405-94C1-8729A8D61E3A}.Release|Any CPU.ActiveCfg = Release|Any CPU
		{8C9D9110-6A13-4405-94C1-8729A8D61E3A}.Release|Any CPU.Build.0 = Release|Any CPU
		{798901FB-DDE3-48E1-BCF2-5E0FCFB0AAE9}.Debug|Any CPU.ActiveCfg = Debug|Any CPU
		{798901FB-DDE3-48E1-BCF2-5E0FCFB0AAE9}.Debug|Any CPU.Build.0 = Debug|Any CPU
		{798901FB-DDE3-48E1-BCF2-5E0FCFB0AAE9}.Release|Any CPU.ActiveCfg = Release|Any CPU
		{798901FB-DDE3-48E1-BCF2-5E0FCFB0AAE9}.Release|Any CPU.Build.0 = Release|Any CPU
		{90D0F048-8C45-41A5-9BEA-3341496EC48E}.Debug|Any CPU.ActiveCfg = Debug|Any CPU
		{90D0F048-8C45-41A5-9BEA-3341496EC48E}.Debug|Any CPU.Build.0 = Debug|Any CPU
		{90D0F048-8C45-41A5-9BEA-3341496EC48E}.Release|Any CPU.ActiveCfg = Release|Any CPU
		{90D0F048-8C45-41A5-9BEA-3341496EC48E}.Release|Any CPU.Build.0 = Release|Any CPU
		{0BD66524-A5AC-4002-9583-BFD92020FCBE}.Debug|Any CPU.ActiveCfg = Debug|Any CPU
		{0BD66524-A5AC-4002-9583-BFD92020FCBE}.Debug|Any CPU.Build.0 = Debug|Any CPU
		{0BD66524-A5AC-4002-9583-BFD92020FCBE}.Release|Any CPU.ActiveCfg = Release|Any CPU
		{0BD66524-A5AC-4002-9583-BFD92020FCBE}.Release|Any CPU.Build.0 = Release|Any CPU
		{1E171AE1-66B3-49B1-B5C6-012F23D10F69}.Debug|Any CPU.ActiveCfg = Debug|Any CPU
		{1E171AE1-66B3-49B1-B5C6-012F23D10F69}.Debug|Any CPU.Build.0 = Debug|Any CPU
		{1E171AE1-66B3-49B1-B5C6-012F23D10F69}.Release|Any CPU.ActiveCfg = Release|Any CPU
		{1E171AE1-66B3-49B1-B5C6-012F23D10F69}.Release|Any CPU.Build.0 = Release|Any CPU
		{7759A956-EB13-4DB8-B83A-E16CEB6ADC61}.Debug|Any CPU.ActiveCfg = Debug|Any CPU
		{7759A956-EB13-4DB8-B83A-E16CEB6ADC61}.Debug|Any CPU.Build.0 = Debug|Any CPU
		{7759A956-EB13-4DB8-B83A-E16CEB6ADC61}.Release|Any CPU.ActiveCfg = Release|Any CPU
		{7759A956-EB13-4DB8-B83A-E16CEB6ADC61}.Release|Any CPU.Build.0 = Release|Any CPU
		{7ADA36AD-1446-46CA-99A2-53DD2CEA7A02}.Debug|Any CPU.ActiveCfg = Debug|Any CPU
		{7ADA36AD-1446-46CA-99A2-53DD2CEA7A02}.Debug|Any CPU.Build.0 = Debug|Any CPU
		{7ADA36AD-1446-46CA-99A2-53DD2CEA7A02}.Release|Any CPU.ActiveCfg = Release|Any CPU
		{7ADA36AD-1446-46CA-99A2-53DD2CEA7A02}.Release|Any CPU.Build.0 = Release|Any CPU
		{18749EAD-8F13-44A3-83B6-5A457FF3F2F6}.Debug|Any CPU.ActiveCfg = Debug|Any CPU
		{18749EAD-8F13-44A3-83B6-5A457FF3F2F6}.Debug|Any CPU.Build.0 = Debug|Any CPU
		{18749EAD-8F13-44A3-83B6-5A457FF3F2F6}.Release|Any CPU.ActiveCfg = Release|Any CPU
		{18749EAD-8F13-44A3-83B6-5A457FF3F2F6}.Release|Any CPU.Build.0 = Release|Any CPU
		{E505C1C3-ED7C-4757-89DA-F67E5494FDDF}.Debug|Any CPU.ActiveCfg = Debug|Any CPU
		{E505C1C3-ED7C-4757-89DA-F67E5494FDDF}.Debug|Any CPU.Build.0 = Debug|Any CPU
		{E505C1C3-ED7C-4757-89DA-F67E5494FDDF}.Release|Any CPU.ActiveCfg = Release|Any CPU
		{E505C1C3-ED7C-4757-89DA-F67E5494FDDF}.Release|Any CPU.Build.0 = Release|Any CPU
		{90F8570E-61E1-425D-A285-40BD3BF457CA}.Debug|Any CPU.ActiveCfg = Debug|Any CPU
		{90F8570E-61E1-425D-A285-40BD3BF457CA}.Debug|Any CPU.Build.0 = Debug|Any CPU
		{90F8570E-61E1-425D-A285-40BD3BF457CA}.Release|Any CPU.ActiveCfg = Release|Any CPU
		{90F8570E-61E1-425D-A285-40BD3BF457CA}.Release|Any CPU.Build.0 = Release|Any CPU
		{DE54DD9C-ACC8-4126-8603-061F37DB73D8}.Debug|Any CPU.ActiveCfg = Debug|Any CPU
		{DE54DD9C-ACC8-4126-8603-061F37DB73D8}.Debug|Any CPU.Build.0 = Debug|Any CPU
		{DE54DD9C-ACC8-4126-8603-061F37DB73D8}.Release|Any CPU.ActiveCfg = Release|Any CPU
		{DE54DD9C-ACC8-4126-8603-061F37DB73D8}.Release|Any CPU.Build.0 = Release|Any CPU
		{3AD06A01-1986-48AF-B6DD-F292FA5575E8}.Debug|Any CPU.ActiveCfg = Debug|Any CPU
		{3AD06A01-1986-48AF-B6DD-F292FA5575E8}.Debug|Any CPU.Build.0 = Debug|Any CPU
		{3AD06A01-1986-48AF-B6DD-F292FA5575E8}.Release|Any CPU.ActiveCfg = Release|Any CPU
		{3AD06A01-1986-48AF-B6DD-F292FA5575E8}.Release|Any CPU.Build.0 = Release|Any CPU
		{BE7F9004-C815-4442-8B0A-D8FCCCBAD801}.Debug|Any CPU.ActiveCfg = Debug|Any CPU
		{BE7F9004-C815-4442-8B0A-D8FCCCBAD801}.Debug|Any CPU.Build.0 = Debug|Any CPU
		{BE7F9004-C815-4442-8B0A-D8FCCCBAD801}.Release|Any CPU.ActiveCfg = Release|Any CPU
		{BE7F9004-C815-4442-8B0A-D8FCCCBAD801}.Release|Any CPU.Build.0 = Release|Any CPU
		{55DE5121-E35D-4F26-80D8-FFE755B1B493}.Debug|Any CPU.ActiveCfg = Debug|Any CPU
		{55DE5121-E35D-4F26-80D8-FFE755B1B493}.Debug|Any CPU.Build.0 = Debug|Any CPU
		{55DE5121-E35D-4F26-80D8-FFE755B1B493}.Release|Any CPU.ActiveCfg = Release|Any CPU
		{55DE5121-E35D-4F26-80D8-FFE755B1B493}.Release|Any CPU.Build.0 = Release|Any CPU
		{B7FBF8FA-61F9-46C6-9DEF-2294FBFE27F0}.Debug|Any CPU.ActiveCfg = Debug|Any CPU
		{B7FBF8FA-61F9-46C6-9DEF-2294FBFE27F0}.Debug|Any CPU.Build.0 = Debug|Any CPU
		{B7FBF8FA-61F9-46C6-9DEF-2294FBFE27F0}.Release|Any CPU.ActiveCfg = Release|Any CPU
		{B7FBF8FA-61F9-46C6-9DEF-2294FBFE27F0}.Release|Any CPU.Build.0 = Release|Any CPU
		{49306081-F243-4F66-A7FC-C26343996796}.Debug|Any CPU.ActiveCfg = Debug|Any CPU
		{49306081-F243-4F66-A7FC-C26343996796}.Debug|Any CPU.Build.0 = Debug|Any CPU
		{49306081-F243-4F66-A7FC-C26343996796}.Release|Any CPU.ActiveCfg = Release|Any CPU
		{49306081-F243-4F66-A7FC-C26343996796}.Release|Any CPU.Build.0 = Release|Any CPU
		{A1D59256-02A8-4399-B13A-A3897930718F}.Debug|Any CPU.ActiveCfg = Debug|Any CPU
		{A1D59256-02A8-4399-B13A-A3897930718F}.Debug|Any CPU.Build.0 = Debug|Any CPU
		{A1D59256-02A8-4399-B13A-A3897930718F}.Release|Any CPU.ActiveCfg = Release|Any CPU
		{A1D59256-02A8-4399-B13A-A3897930718F}.Release|Any CPU.Build.0 = Release|Any CPU
		{3C8B21A4-74F0-4450-838E-956BF2C46B27}.Debug|Any CPU.ActiveCfg = Debug|Any CPU
		{3C8B21A4-74F0-4450-838E-956BF2C46B27}.Debug|Any CPU.Build.0 = Debug|Any CPU
		{3C8B21A4-74F0-4450-838E-956BF2C46B27}.Release|Any CPU.ActiveCfg = Release|Any CPU
		{3C8B21A4-74F0-4450-838E-956BF2C46B27}.Release|Any CPU.Build.0 = Release|Any CPU
		{EF899EF8-B0B2-44FC-AE4F-A5A1D765E471}.Debug|Any CPU.ActiveCfg = Debug|Any CPU
		{EF899EF8-B0B2-44FC-AE4F-A5A1D765E471}.Debug|Any CPU.Build.0 = Debug|Any CPU
		{EF899EF8-B0B2-44FC-AE4F-A5A1D765E471}.Release|Any CPU.ActiveCfg = Release|Any CPU
		{EF899EF8-B0B2-44FC-AE4F-A5A1D765E471}.Release|Any CPU.Build.0 = Release|Any CPU
	EndGlobalSection
	GlobalSection(SolutionProperties) = preSolution
		HideSolutionNode = FALSE
	EndGlobalSection
	GlobalSection(ExtensibilityGlobals) = postSolution
		SolutionGuid = {F38A4E06-D528-41C1-8915-3E4A7A0E43F1}
	EndGlobalSection
EndGlobal
